
Microsoft Visual Studio Solution File, Format Version 12.00
# Visual Studio Version 17
VisualStudioVersion = 17.11.35208.52
MinimumVisualStudioVersion = 10.0.40219.1
Project("{8BC9CEB8-8B4A-11D0-8D11-00A0C91BC942}") = "SmokeEmitter", "SmokeEmitter\SmokeEmitter.vcxproj", "{6F49D366-B5F1-432B-A3E8-5D1CA57865F9}"
EndProject
Global
	GlobalSection(SolutionConfigurationPlatforms) = preSolution
		Debug|x64 = Debug|x64
		Release|x64 = Release|x64
	EndGlobalSection
	GlobalSection(ProjectConfigurationPlatforms) = postSolution
		{6F49D366-B5F1-432B-A3E8-5D1CA57865F9}.Debug|x64.ActiveCfg = Debug|x64
		{6F49D366-B5F1-432B-A3E8-5D1CA57865F9}.Debug|x64.Build.0 = Debug|x64
		{6F49D366-B5F1-432B-A3E8-5D1CA57865F9}.Release|x64.ActiveCfg = Release|x64
		{6F49D366-B5F1-432B-A3E8-5D1CA57865F9}.Release|x64.Build.0 = Release|x64
	EndGlobalSection
	GlobalSection(SolutionProperties) = preSolution
		HideSolutionNode = FALSE
	EndGlobalSection
	GlobalSection(ExtensibilityGlobals) = postSolution
		SolutionGuid = {93A7C61C-5E8D-475D-BB2F-C9F140DFD686}
	EndGlobalSection
EndGlobal
